{
  "name": "app",
  "version": "0.1.0",
  "lockfileVersion": 1,
  "requires": true,
  "dependencies": {
    "moment": {
      "version": "2.21.0",
      "resolved": "https://registry.npmjs.org/moment/-/moment-2.21.0.tgz",
      "integrity": "sha512-TCZ36BjURTeFTM/CwRcViQlfkMvL1/vFISuNLO5GkcVm1+QHfbSiNqZuWeMFjj1/3+uAjXswgRk30j1kkLYJBQ=="
    },
    "moment-timezone": {
      "version": "0.5.14",
      "resolved": "https://registry.npmjs.org/moment-timezone/-/moment-timezone-0.5.14.tgz",
      "integrity": "sha1-TrOP+VOLgBCLpGekWPPtQmjM/LE=",
      "requires": {
        "moment": "2.21.0"
      }
    },
    "react-moment": {
      "version": "0.7.0",
      "resolved": "https://registry.npmjs.org/react-moment/-/react-moment-0.7.0.tgz",
      "integrity": "sha1-nMtch75oPQjCU7SEaRZ0Q/CcPYk="
    },
    "react-truncate": {
      "version": "2.3.0",
      "resolved": "https://registry.npmjs.org/react-truncate/-/react-truncate-2.3.0.tgz",
      "integrity": "sha512-a/POPUnuhhlUn94qjddRm97Xd83iJ70CtoVmXMo7ytc5s0eFHiRsR0gT7OkuMfEhH1m+UjVYroHiTxXf0aLenw=="
    }
  }
}
